PODS:
  - Flutter (1.0.0)
  - flutter_stripe_connect (0.4.0):
    - Flutter
    - StripeConnect (~> 26.0)
  - integration_test (0.0.1):
    - Flutter
  - StripeConnect (26.11.0):
    - StripeCore (= 26.11.0)
    - StripeFinancialConnections (= 26.11.0)
    - StripeUICore (= 26.11.0)
  - StripeCore (26.11.0)
  - StripeFinancialConnections (26.11.0):
    - StripeCore (= 26.11.0)
    - StripeUICore (= 26.11.0)
  - StripeUICore (26.11.0):
    - StripeCore (= 26.11.0)
  - webview_flutter_wkwebview (0.0.1):
    - Flutter
    - FlutterMacOS

DEPENDENCIES:
  - Flutter (from `Flutter`)
  - flutter_stripe_connect (from `.symlinks/plugins/flutter_stripe_connect/ios`)
  - integration_test (from `.symlinks/plugins/integration_test/ios`)
  - webview_flutter_wkwebview (from `.symlinks/plugins/webview_flutter_wkwebview/darwin`)

SPEC REPOS:
  trunk:
    - StripeConnect
    - StripeCore
    - StripeFinancialConnections
    - StripeUICore

EXTERNAL SOURCES:
  Flutter:
    :path: Flutter
  flutter_stripe_connect:
    :path: ".symlinks/plugins/flutter_stripe_connect/ios"
  integration_test:
    :path: ".symlinks/plugins/integration_test/ios"
  webview_flutter_wkwebview:
    :path: ".symlinks/plugins/webview_flutter_wkwebview/darwin"

SPEC CHECKSUMS:
  Flutter: cabc95a1d2626b1b06e7179b784ebcf0c0cde467
  flutter_stripe_connect: ad2055ff627e4288a36ad9e2307d8e26c2de1540
  integration_test: 4a889634ef21a45d28d50d622cf412dc6d9f586e
  StripeConnect: f8e1e9eca6cb33946e27ef3dd3ddf2c5e6ba1017
  StripeCore: 21d74e81c1bb74b711a8d06988ca675d21fdbcf8
  StripeFinancialConnections: f66aa973cac09ac96a16f8655c1d2b83ec804e87
  StripeUICore: 9e2582b98669b7e6e2d39bcada4667dc79e8223e
  webview_flutter_wkwebview: 8ebf4fded22593026f7dbff1fbff31ea98573c8d

PODFILE CHECKSUM: f5fb2ebc16ad9f9d2bd930cc84e1b6e1dde39daf

COCOAPODS: 1.17.0
