PODS:
  - Flutter (1.0.0)
  - flutter_stripe_connect (0.0.1):
    - Flutter
    - StripeConnect (~> 24.0)
  - integration_test (0.0.1):
    - Flutter
  - StripeConnect (24.25.0):
    - StripeCore (= 24.25.0)
    - StripeFinancialConnections (= 24.25.0)
    - StripeUICore (= 24.25.0)
  - StripeCore (24.25.0)
  - StripeFinancialConnections (24.25.0):
    - StripeCore (= 24.25.0)
    - StripeUICore (= 24.25.0)
  - StripeUICore (24.25.0):
    - StripeCore (= 24.25.0)

DEPENDENCIES:
  - Flutter (from `Flutter`)
  - flutter_stripe_connect (from `.symlinks/plugins/flutter_stripe_connect/ios`)
  - integration_test (from `.symlinks/plugins/integration_test/ios`)

SPEC REPOS:
  trunk:
    - StripeConnect
    - StripeCore
    - StripeFinancialConnections
    - StripeUICore

EXTERNAL SOURCES:
  Flutter:
    :path: Flutter
  flutter_stripe_connect:
    :path: ".symlinks/plugins/flutter_stripe_connect/ios"
  integration_test:
    :path: ".symlinks/plugins/integration_test/ios"

SPEC CHECKSUMS:
  Flutter: cabc95a1d2626b1b06e7179b784ebcf0c0cde467
  flutter_stripe_connect: ac67f71fd69914efbeccb0851d75f239fb1c8b98
  integration_test: 4a889634ef21a45d28d50d622cf412dc6d9f586e
  StripeConnect: b99a0f3eed6868489c5da21af25ee41a6338a336
  StripeCore: b3f991ef10e45ab2fa841e0a732825d795b2379e
  StripeFinancialConnections: 92079b12dfe6453ab296ecc9e4cdf2b069015345
  StripeUICore: 55ebd4a7a2c12600645526bfdd6e5bd8ea1c5335

PODFILE CHECKSUM: 53a6aebc29ccee84c41f92f409fc20cd4ca011f1

COCOAPODS: 1.16.2
